
Microsoft Visual Studio Solution File, Format Version 12.00
# Visual Studio Version 17
VisualStudioVersion = 17.5.002.0
MinimumVisualStudioVersion = 10.0.40219.1
Project("{9A19103F-16F7-4668-BE54-9A1E7A4F7556}") = "Ecommerce", "Ecommerce.csproj", "{25863CF3-B55D-45BB-9C09-5D603C29C904}"
EndProject
Global
	GlobalSection(SolutionConfigurationPlatforms) = preSolution
		Debug|Any CPU = Debug|Any CPU
		Release|Any CPU = Release|Any CPU
	EndGlobalSection
	GlobalSection(ProjectConfigurationPlatforms) = postSolution
		{25863CF3-B55D-45BB-9C09-5D603C29C904}.Debug|Any CPU.ActiveCfg = Debug|Any CPU
		{25863CF3-B55D-45BB-9C09-5D603C29C904}.Debug|Any CPU.Build.0 = Debug|Any CPU
		{25863CF3-B55D-45BB-9C09-5D603C29C904}.Release|Any CPU.ActiveCfg = Release|Any CPU
		{25863CF3-B55D-45BB-9C09-5D603C29C904}.Release|Any CPU.Build.0 = Release|Any CPU
	EndGlobalSection
	GlobalSection(SolutionProperties) = preSolution
		HideSolutionNode = FALSE
	EndGlobalSection
	GlobalSection(ExtensibilityGlobals) = postSolution
		SolutionGuid = {633596A4-BB35-4FAA-A573-69FA2E6E6E88}
	EndGlobalSection
EndGlobal
